// !$*UTF8*$!
{
	archiveVersion = 1;
	classes = {
	};
	objectVersion = 48;
	objects = {

/* Begin PBXBuildFile section */
		5E3EFCD01FB9CB6600843ADB /* backgrounds.png in Resources */ = {isa = PBXBuildFile; fileRef = 5E3EFCCF1FB9CB6500843ADB /* backgrounds.png */; };
		5E3EFCD21FB9D02F00843ADB /* sakanaction.jpeg in Resources */ = {isa = PBXBuildFile; fileRef = 5E3EFCD11FB9D02F00843ADB /* sakanaction.jpeg */; };
		5E5F4C251FA71A1A00058B9B /* music2.mp3 in Resources */ = {isa = PBXBuildFile; fileRef = 5E5F4C241FA71A1A00058B9B /* music2.mp3 */; };
		5E6FC1CB1FA445B3004B15FE /* AppDelegate.swift in Sources */ = {isa = PBXBuildFile; fileRef = 5E6FC1CA1FA445B3004B15FE /* AppDelegate.swift */; };
		5E6FC1CD1FA445B3004B15FE /* ViewController.swift in Sources */ = {isa = PBXBuildFile; fileRef = 5E6FC1CC1FA445B3004B15FE /* ViewController.swift */; };
		5E6FC1D01FA445B3004B15FE /* Main.storyboard in Resources */ = {isa = PBXBuildFile; fileRef = 5E6FC1CE1FA445B3004B15FE /* Main.storyboard */; };
		5E6FC1D31FA445B3004B15FE /* pro2_ble_audio_effects.xcdatamodeld in Sources */ = {isa = PBXBuildFile; fileRef = 5E6FC1D11FA445B3004B15FE /* pro2_ble_audio_effects.xcdatamodeld */; };
		5E6FC1D51FA445B3004B15FE /* Assets.xcassets in Resources */ = {isa = PBXBuildFile; fileRef = 5E6FC1D41FA445B3004B15FE /* Assets.xcassets */; };
		5E6FC1D81FA445B3004B15FE /* LaunchScreen.storyboard in Resources */ = {isa = PBXBuildFile; fileRef = 5E6FC1D61FA445B3004B15FE /* LaunchScreen.storyboard */; };
		5E6FC1E31FA445B4004B15FE /* pro2_ble_audio_effectsTests.swift in Sources */ = {isa = PBXBuildFile; fileRef = 5E6FC1E21FA445B4004B15FE /* pro2_ble_audio_effectsTests.swift */; };
		5E6FC1EE1FA445B4004B15FE /* pro2_ble_audio_effectsUITests.swift in Sources */ = {isa = PBXBuildFile; fileRef = 5E6FC1ED1FA445B4004B15FE /* pro2_ble_audio_effectsUITests.swift */; };
		5E6FC2001FA4627C004B15FE /* music.mp3 in Resources */ = {isa = PBXBuildFile; fileRef = 5E6FC1FF1FA4627C004B15FE /* music.mp3 */; };
		5E6FC2021FA46703004B15FE /* Audio.swift in Sources */ = {isa = PBXBuildFile; fileRef = 5E6FC2011FA46703004B15FE /* Audio.swift */; };
/* End PBXBuildFile section */

/* Begin PBXContainerItemProxy section */
		5E6FC1DF1FA445B3004B15FE /* PBXContainerItemProxy */ = {
			isa = PBXContainerItemProxy;
			containerPortal = 5E6FC1BF1FA445B3004B15FE /* Project object */;
			proxyType = 1;
			remoteGlobalIDString = 5E6FC1C61FA445B3004B15FE;
			remoteInfo = pro2_ble_audio_effects;
		};
		5E6FC1EA1FA445B4004B15FE /* PBXContainerItemProxy */ = {
			isa = PBXContainerItemProxy;
			containerPortal = 5E6FC1BF1FA445B3004B15FE /* Project object */;
			proxyType = 1;
			remoteGlobalIDString = 5E6FC1C61FA445B3004B15FE;
			remoteInfo = pro2_ble_audio_effects;
		};
/* End PBXContainerItemProxy section */

/* Begin PBXFileReference section */
		5E3EFCCF1FB9CB6500843ADB /* backgrounds.png */ = {isa = PBXFileReference; lastKnownFileType = image.png; path = backgrounds.png; sourceTree = "<group>"; };
		5E3EFCD11FB9D02F00843ADB /* sakanaction.jpeg */ = {isa = PBXFileReference; lastKnownFileType = image.jpeg; path = sakanaction.jpeg; sourceTree = "<group>"; };
		5E5F4C241FA71A1A00058B9B /* music2.mp3 */ = {isa = PBXFileReference; lastKnownFileType = audio.mp3; path = music2.mp3; sourceTree = "<group>"; };
		5E6FC1C71FA445B3004B15FE /* pro2_ble_audio_effects.app */ = {isa = PBXFileReference; explicitFileType = wrapper.application; includeInIndex = 0; path = pro2_ble_audio_effects.app; sourceTree = BUILT_PRODUCTS_DIR; };
		5E6FC1CA1FA445B3004B15FE /* AppDelegate.swift */ = {isa = PBXFileReference; lastKnownFileType = sourcecode.swift; path = AppDelegate.swift; sourceTree = "<group>"; };
		5E6FC1CC1FA445B3004B15FE /* ViewController.swift */ = {isa = PBXFileReference; lastKnownFileType = sourcecode.swift; path = ViewController.swift; sourceTree = "<group>"; };
		5E6FC1CF1FA445B3004B15FE /* Base */ = {isa = PBXFileReference; lastKnownFileType = file.storyboard; name = Base; path = Base.lproj/Main.storyboard; sourceTree = "<group>"; };
		5E6FC1D21FA445B3004B15FE /* pro2_ble_audio_effects.xcdatamodel */ = {isa = PBXFileReference; lastKnownFileType = wrapper.xcdatamodel; path = pro2_ble_audio_effects.xcdatamodel; sourceTree = "<group>"; };
		5E6FC1D41FA445B3004B15FE /* Assets.xcassets */ = {isa = PBXFileReference; lastKnownFileType = folder.assetcatalog; path = Assets.xcassets; sourceTree = "<group>"; };
		5E6FC1D71FA445B3004B15FE /* Base */ = {isa = PBXFileReference; lastKnownFileType = file.storyboard; name = Base; path = Base.lproj/LaunchScreen.storyboard; sourceTree = "<group>"; };
		5E6FC1D91FA445B3004B15FE /* Info.plist */ = {isa = PBXFileReference; lastKnownFileType = text.plist.xml; path = Info.plist; sourceTree = "<group>"; };
		5E6FC1DE1FA445B3004B15FE /* pro2_ble_audio_effectsTests.xctest */ = {isa = PBXFileReference; explicitFileType = wrapper.cfbundle; includeInIndex = 0; path = pro2_ble_audio_effectsTests.xctest; sourceTree = BUILT_PRODUCTS_DIR; };
		5E6FC1E21FA445B4004B15FE /* pro2_ble_audio_effectsTests.swift */ = {isa = PBXFileReference; lastKnownFileType = sourcecode.swift; path = pro2_ble_audio_effectsTests.swift; sourceTree = "<group>"; };
		5E6FC1E41FA445B4004B15FE /* Info.plist */ = {isa = PBXFileReference; lastKnownFileType = text.plist.xml; path = Info.plist; sourceTree = "<group>"; };
		5E6FC1E91FA445B4004B15FE /* pro2_ble_audio_effectsUITests.xctest */ = {isa = PBXFileReference; explicitFileType = wrapper.cfbundle; includeInIndex = 0; path = pro2_ble_audio_effectsUITests.xctest; sourceTree = BUILT_PRODUCTS_DIR; };
		5E6FC1ED1FA445B4004B15FE /* pro2_ble_audio_effectsUITests.swift */ = {isa = PBXFileReference; lastKnownFileType = sourcecode.swift; path = pro2_ble_audio_effectsUITests.swift; sourceTree = "<group>"; };
		5E6FC1EF1FA445B4004B15FE /* Info.plist */ = {isa = PBXFileReference; lastKnownFileType = text.plist.xml; path = Info.plist; sourceTree = "<group>"; };
		5E6FC1FF1FA4627C004B15FE /* music.mp3 */ = {isa = PBXFileReference; lastKnownFileType = audio.mp3; path = music.mp3; sourceTree = "<group>"; };
		5E6FC2011FA46703004B15FE /* Audio.swift */ = {isa = PBXFileReference; fileEncoding = 4; lastKnownFileType = sourcecode.swift; path = Audio.swift; sourceTree = "<group>"; };
/* End PBXFileReference section */

/* Begin PBXFrameworksBuildPhase section */
		5E6FC1C41FA445B3004B15FE /* Frameworks */ = {
			isa = PBXFrameworksBuildPhase;
			buildActionMask = 2147483647;
			files = (
			);
			runOnlyForDeploymentPostprocessing = 0;
		};
		5E6FC1DB1FA445B3004B15FE /* Frameworks */ = {
			isa = PBXFrameworksBuildPhase;
			buildActionMask = 2147483647;
			files = (
			);
			runOnlyForDeploymentPostprocessing = 0;
		};
		5E6FC1E61FA445B4004B15FE /* Frameworks */ = {
			isa = PBXFrameworksBuildPhase;
			buildActionMask = 2147483647;
			files = (
			);
			runOnlyForDeploymentPostprocessing = 0;
		};
/* End PBXFrameworksBuildPhase section */

/* Begin PBXGroup section */
		5E6FC1BE1FA445B3004B15FE = {
			isa = PBXGroup;
			children = (
				5E6FC1C91FA445B3004B15FE /* pro2_ble_audio_effects */,
				5E6FC1E11FA445B4004B15FE /* pro2_ble_audio_effectsTests */,
				5E6FC1EC1FA445B4004B15FE /* pro2_ble_audio_effectsUITests */,
				5E6FC1C81FA445B3004B15FE /* Products */,
			);
			sourceTree = "<group>";
		};
		5E6FC1C81FA445B3004B15FE /* Products */ = {
			isa = PBXGroup;
			children = (
				5E6FC1C71FA445B3004B15FE /* pro2_ble_audio_effects.app */,
				5E6FC1DE1FA445B3004B15FE /* pro2_ble_audio_effectsTests.xctest */,
				5E6FC1E91FA445B4004B15FE /* pro2_ble_audio_effectsUITests.xctest */,
			);
			name = Products;
			sourceTree = "<group>";
		};
		5E6FC1C91FA445B3004B15FE /* pro2_ble_audio_effects */ = {
			isa = PBXGroup;
			children = (
				5E3EFCD11FB9D02F00843ADB /* sakanaction.jpeg */,
				5E3EFCCF1FB9CB6500843ADB /* backgrounds.png */,
				5E5F4C241FA71A1A00058B9B /* music2.mp3 */,
				5E6FC2011FA46703004B15FE /* Audio.swift */,
				5E6FC1FF1FA4627C004B15FE /* music.mp3 */,
				5E6FC1CA1FA445B3004B15FE /* AppDelegate.swift */,
				5E6FC1CC1FA445B3004B15FE /* ViewController.swift */,
				5E6FC1CE1FA445B3004B15FE /* Main.storyboard */,
				5E6FC1D41FA445B3004B15FE /* Assets.xcassets */,
				5E6FC1D61FA445B3004B15FE /* LaunchScreen.storyboard */,
				5E6FC1D91FA445B3004B15FE /* Info.plist */,
				5E6FC1D11FA445B3004B15FE /* pro2_ble_audio_effects.xcdatamodeld */,
			);
			path = pro2_ble_audio_effects;
			sourceTree = "<group>";
		};
		5E6FC1E11FA445B4004B15FE /* pro2_ble_audio_effectsTests */ = {
			isa = PBXGroup;
			children = (
				5E6FC1E21FA445B4004B15FE /* pro2_ble_audio_effectsTests.swift */,
				5E6FC1E41FA445B4004B15FE /* Info.plist */,
			);
			path = pro2_ble_audio_effectsTests;
			sourceTree = "<group>";
		};
		5E6FC1EC1FA445B4004B15FE /* pro2_ble_audio_effectsUITests */ = {
			isa = PBXGroup;
			children = (
				5E6FC1ED1FA445B4004B15FE /* pro2_ble_audio_effectsUITests.swift */,
				5E6FC1EF1FA445B4004B15FE /* Info.plist */,
			);
			path = pro2_ble_audio_effectsUITests;
			sourceTree = "<group>";
		};
/* End PBXGroup section */

/* Begin PBXNativeTarget section */
		5E6FC1C61FA445B3004B15FE /* pro2_ble_audio_effects */ = {
			isa = PBXNativeTarget;
			buildConfigurationList = 5E6FC1F21FA445B4004B15FE /* Build configuration list for PBXNativeTarget "pro2_ble_audio_effects" */;
			buildPhases = (
				5E6FC1C31FA445B3004B15FE /* Sources */,
				5E6FC1C41FA445B3004B15FE /* Frameworks */,
				5E6FC1C51FA445B3004B15FE /* Resources */,
			);
			buildRules = (
			);
			dependencies = (
			);
			name = pro2_ble_audio_effects;
			productName = pro2_ble_audio_effects;
			productReference = 5E6FC1C71FA445B3004B15FE /* pro2_ble_audio_effects.app */;
			productType = "com.apple.product-type.application";
		};
		5E6FC1DD1FA445B3004B15FE /* pro2_ble_audio_effectsTests */ = {
			isa = PBXNativeTarget;
			buildConfigurationList = 5E6FC1F51FA445B4004B15FE /* Build configuration list for PBXNativeTarget "pro2_ble_audio_effectsTests" */;
			buildPhases = (
				5E6FC1DA1FA445B3004B15FE /* Sources */,
				5E6FC1DB1FA445B3004B15FE /* Frameworks */,
				5E6FC1DC1FA445B3004B15FE /* Resources */,
			);
			buildRules = (
			);
			dependencies = (
				5E6FC1E01FA445B3004B15FE /* PBXTargetDependency */,
			);
			name = pro2_ble_audio_effectsTests;
			productName = pro2_ble_audio_effectsTests;
			productReference = 5E6FC1DE1FA445B3004B15FE /* pro2_ble_audio_effectsTests.xctest */;
			productType = "com.apple.product-type.bundle.unit-test";
		};
		5E6FC1E81FA445B4004B15FE /* pro2_ble_audio_effectsUITests */ = {
			isa = PBXNativeTarget;
			buildConfigurationList = 5E6FC1F81FA445B4004B15FE /* Build configuration list for PBXNativeTarget "pro2_ble_audio_effectsUITests" */;
			buildPhases = (
				5E6FC1E51FA445B4004B15FE /* Sources */,
				5E6FC1E61FA445B4004B15FE /* Frameworks */,
				5E6FC1E71FA445B4004B15FE /* Resources */,
			);
			buildRules = (
			);
			dependencies = (
				5E6FC1EB1FA445B4004B15FE /* PBXTargetDependency */,
			);
			name = pro2_ble_audio_effectsUITests;
			productName = pro2_ble_audio_effectsUITests;
			productReference = 5E6FC1E91FA445B4004B15FE /* pro2_ble_audio_effectsUITests.xctest */;
			productType = "com.apple.product-type.bundle.ui-testing";
		};
/* End PBXNativeTarget section */

/* Begin PBXProject section */
		5E6FC1BF1FA445B3004B15FE /* Project object */ = {
			isa = PBXProject;
			attributes = {
				LastSwiftUpdateCheck = 0900;
				LastUpgradeCheck = 0900;
				ORGANIZATIONNAME = "藤　大夢";
				TargetAttributes = {
					5E6FC1C61FA445B3004B15FE = {
						CreatedOnToolsVersion = 9.0;
						ProvisioningStyle = Automatic;
					};
					5E6FC1DD1FA445B3004B15FE = {
						CreatedOnToolsVersion = 9.0;
						ProvisioningStyle = Automatic;
						TestTargetID = 5E6FC1C61FA445B3004B15FE;
					};
					5E6FC1E81FA445B4004B15FE = {
						CreatedOnToolsVersion = 9.0;
						ProvisioningStyle = Automatic;
						TestTargetID = 5E6FC1C61FA445B3004B15FE;
					};
				};
			};
			buildConfigurationList = 5E6FC1C21FA445B3004B15FE /* Build configuration list for PBXProject "pro2_ble_audio_effects" */;
			compatibilityVersion = "Xcode 8.0";
			developmentRegion = en;
			hasScannedForEncodings = 0;
			knownRegions = (
				en,
				Base,
			);
			mainGroup = 5E6FC1BE1FA445B3004B15FE;
			productRefGroup = 5E6FC1C81FA445B3004B15FE /* Products */;
			projectDirPath = "";
			projectRoot = "";
			targets = (
				5E6FC1C61FA445B3004B15FE /* pro2_ble_audio_effects */,
				5E6FC1DD1FA445B3004B15FE /* pro2_ble_audio_effectsTests */,
				5E6FC1E81FA445B4004B15FE /* pro2_ble_audio_effectsUITests */,
			);
		};
/* End PBXProject section */

/* Begin PBXResourcesBuildPhase section */
		5E6FC1C51FA445B3004B15FE /* Resources */ = {
			isa = PBXResourcesBuildPhase;
			buildActionMask = 2147483647;
			files = (
				5E3EFCD21FB9D02F00843ADB /* sakanaction.jpeg in Resources */,
				5E6FC2001FA4627C004B15FE /* music.mp3 in Resources */,
				5E3EFCD01FB9CB6600843ADB /* backgrounds.png in Resources */,
				5E6FC1D81FA445B3004B15FE /* LaunchScreen.storyboard in Resources */,
				5E6FC1D51FA445B3004B15FE /* Assets.xcassets in Resources */,
				5E5F4C251FA71A1A00058B9B /* music2.mp3 in Resources */,
				5E6FC1D01FA445B3004B15FE /* Main.storyboard in Resources */,
			);
			runOnlyForDeploymentPostprocessing = 0;
		};
		5E6FC1DC1FA445B3004B15FE /* Resources */ = {
			isa = PBXResourcesBuildPhase;
			buildActionMask = 2147483647;
			files = (
			);
			runOnlyForDeploymentPostprocessing = 0;
		};
		5E6FC1E71FA445B4004B15FE /* Resources */ = {
			isa = PBXResourcesBuildPhase;
			buildActionMask = 2147483647;
			files = (
			);
			runOnlyForDeploymentPostprocessing = 0;
		};
/* End PBXResourcesBuildPhase section */

/* Begin PBXSourcesBuildPhase section */
		5E6FC1C31FA445B3004B15FE /* Sources */ = {
			isa = PBXSourcesBuildPhase;
			buildActionMask = 2147483647;
			files = (
				5E6FC2021FA46703004B15FE /* Audio.swift in Sources */,
				5E6FC1D31FA445B3004B15FE /* pro2_ble_audio_effects.xcdatamodeld in Sources */,
				5E6FC1CD1FA445B3004B15FE /* ViewController.swift in Sources */,
				5E6FC1CB1FA445B3004B15FE /* AppDelegate.swift in Sources */,
			);
			runOnlyForDeploymentPostprocessing = 0;
		};
		5E6FC1DA1FA445B3004B15FE /* Sources */ = {
			isa = PBXSourcesBuildPhase;
			buildActionMask = 2147483647;
			files = (
				5E6FC1E31FA445B4004B15FE /* pro2_ble_audio_effectsTests.swift in Sources */,
			);
			runOnlyForDeploymentPostprocessing = 0;
		};
		5E6FC1E51FA445B4004B15FE /* Sources */ = {
			isa = PBXSourcesBuildPhase;
			buildActionMask = 2147483647;
			files = (
				5E6FC1EE1FA445B4004B15FE /* pro2_ble_audio_effectsUITests.swift in Sources */,
			);
			runOnlyForDeploymentPostprocessing = 0;
		};
/* End PBXSourcesBuildPhase section */

/* Begin PBXTargetDependency section */
		5E6FC1E01FA445B3004B15FE /* PBXTargetDependency */ = {
			isa = PBXTargetDependency;
			target = 5E6FC1C61FA445B3004B15FE /* pro2_ble_audio_effects */;
			targetProxy = 5E6FC1DF1FA445B3004B15FE /* PBXContainerItemProxy */;
		};
		5E6FC1EB1FA445B4004B15FE /* PBXTargetDependency */ = {
			isa = PBXTargetDependency;
			target = 5E6FC1C61FA445B3004B15FE /* pro2_ble_audio_effects */;
			targetProxy = 5E6FC1EA1FA445B4004B15FE /* PBXContainerItemProxy */;
		};
/* End PBXTargetDependency section */

/* Begin PBXVariantGroup section */
		5E6FC1CE1FA445B3004B15FE /* Main.storyboard */ = {
			isa = PBXVariantGroup;
			children = (
				5E6FC1CF1FA445B3004B15FE /* Base */,
			);
			name = Main.storyboard;
			sourceTree = "<group>";
		};
		5E6FC1D61FA445B3004B15FE /* LaunchScreen.storyboard */ = {
			isa = PBXVariantGroup;
			children = (
				5E6FC1D71FA445B3004B15FE /* Base */,
			);
			name = LaunchScreen.storyboard;
			sourceTree = "<group>";
		};
/* End PBXVariantGroup section */

/* Begin XCBuildConfiguration section */
		5E6FC1F01FA445B4004B15FE /* Debug */ = {
			isa = XCBuildConfiguration;
			buildSettings = {
				ALWAYS_SEARCH_USER_PATHS = NO;
				CLANG_ANALYZER_NONNULL = YES;
				CLANG_ANALYZER_NUMBER_OBJECT_CONVERSION = YES_AGGRESSIVE;
				CLANG_CXX_LANGUAGE_STANDARD = "gnu++14";
				CLANG_CXX_LIBRARY = "libc++";
				CLANG_ENABLE_MODULES = YES;
				CLANG_ENABLE_OBJC_ARC = YES;
				CLANG_WARN_BLOCK_CAPTURE_AUTORELEASING = YES;
				CLANG_WARN_BOOL_CONVERSION = YES;
				CLANG_WARN_COMMA = YES;
				CLANG_WARN_CONSTANT_CONVERSION = YES;
				CLANG_WARN_DIRECT_OBJC_ISA_USAGE = YES_ERROR;
				CLANG_WARN_DOCUMENTATION_COMMENTS = YES;
				CLANG_WARN_EMPTY_BODY = YES;
				CLANG_WARN_ENUM_CONVERSION = YES;
				CLANG_WARN_INFINITE_RECURSION = YES;
				CLANG_WARN_INT_CONVERSION = YES;
				CLANG_WARN_NON_LITERAL_NULL_CONVERSION = YES;
				CLANG_WARN_OBJC_LITERAL_CONVERSION = YES;
				CLANG_WARN_OBJC_ROOT_CLASS = YES_ERROR;
				CLANG_WARN_RANGE_LOOP_ANALYSIS = YES;
				CLANG_WARN_STRICT_PROTOTYPES = YES;
				CLANG_WARN_SUSPICIOUS_MOVE = YES;
				CLANG_WARN_UNGUARDED_AVAILABILITY = YES_AGGRESSIVE;
				CLANG_WARN_UNREACHABLE_CODE = YES;
				CLANG_WARN__DUPLICATE_METHOD_MATCH = YES;
				CODE_SIGN_IDENTITY = "iPhone Developer";
				COPY_PHASE_STRIP = NO;
				DEBUG_INFORMATION_FORMAT = dwarf;
				ENABLE_STRICT_OBJC_MSGSEND = YES;
				ENABLE_TESTABILITY = YES;
				GCC_C_LANGUAGE_STANDARD = gnu11;
				GCC_DYNAMIC_NO_PIC = NO;
				GCC_NO_COMMON_BLOCKS = YES;
				GCC_OPTIMIZATION_LEVEL = 0;
				GCC_PREPROCESSOR_DEFINITIONS = (
					"DEBUG=1",
					"$(inherited)",
				);
				GCC_WARN_64_TO_32_BIT_CONVERSION = YES;
				GCC_WARN_ABOUT_RETURN_TYPE = YES_ERROR;
				GCC_WARN_UNDECLARED_SELECTOR = YES;
				GCC_WARN_UNINITIALIZED_AUTOS = YES_AGGRESSIVE;
				GCC_WARN_UNUSED_FUNCTION = YES;
				GCC_WARN_UNUSED_VARIABLE = YES;
				IPHONEOS_DEPLOYMENT_TARGET = 11.0;
				MTL_ENABLE_DEBUG_INFO = YES;
				ONLY_ACTIVE_ARCH = YES;
				SDKROOT = iphoneos;
				SWIFT_ACTIVE_COMPILATION_CONDITIONS = DEBUG;
				SWIFT_OPTIMIZATION_LEVEL = "-Onone";
			};
			name = Debug;
		};
		5E6FC1F11FA445B4004B15FE /* Release */ = {
			isa = XCBuildConfiguration;
			buildSettings = {
				ALWAYS_SEARCH_USER_PATHS = NO;
				CLANG_ANALYZER_NONNULL = YES;
				CLANG_ANALYZER_NUMBER_OBJECT_CONVERSION = YES_AGGRESSIVE;
				CLANG_CXX_LANGUAGE_STANDARD = "gnu++14";
				CLANG_CXX_LIBRARY = "libc++";
				CLANG_ENABLE_MODULES = YES;
				CLANG_ENABLE_OBJC_ARC = YES;
				CLANG_WARN_BLOCK_CAPTURE_AUTORELEASING = YES;
				CLANG_WARN_BOOL_CONVERSION = YES;
				CLANG_WARN_COMMA = YES;
				CLANG_WARN_CONSTANT_CONVERSION = YES;
				CLANG_WARN_DIRECT_OBJC_ISA_USAGE = YES_ERROR;
				CLANG_WARN_DOCUMENTATION_COMMENTS = YES;
				CLANG_WARN_EMPTY_BODY = YES;
				CLANG_WARN_ENUM_CONVERSION = YES;
				CLANG_WARN_INFINITE_RECURSION = YES;
				CLANG_WARN_INT_CONVERSION = YES;
				CLANG_WARN_NON_LITERAL_NULL_CONVERSION = YES;
				CLANG_WARN_OBJC_LITERAL_CONVERSION = YES;
				CLANG_WARN_OBJC_ROOT_CLASS = YES_ERROR;
				CLANG_WARN_RANGE_LOOP_ANALYSIS = YES;
				CLANG_WARN_STRICT_PROTOTYPES = YES;
				CLANG_WARN_SUSPICIOUS_MOVE = YES;
				CLANG_WARN_UNGUARDED_AVAILABILITY = YES_AGGRESSIVE;
				CLANG_WARN_UNREACHABLE_CODE = YES;
				CLANG_WARN__DUPLICATE_METHOD_MATCH = YES;
				CODE_SIGN_IDENTITY = "iPhone Developer";
				COPY_PHASE_STRIP = NO;
				DEBUG_INFORMATION_FORMAT = "dwarf-with-dsym";
				ENABLE_NS_ASSERTIONS = NO;
				ENABLE_STRICT_OBJC_MSGSEND = YES;
				GCC_C_LANGUAGE_STANDARD = gnu11;
				GCC_NO_COMMON_BLOCKS = YES;
				GCC_WARN_64_TO_32_BIT_CONVERSION = YES;
				GCC_WARN_ABOUT_RETURN_TYPE = YES_ERROR;
				GCC_WARN_UNDECLARED_SELECTOR = YES;
				GCC_WARN_UNINITIALIZED_AUTOS = YES_AGGRESSIVE;
				GCC_WARN_UNUSED_FUNCTION = YES;
				GCC_WARN_UNUSED_VARIABLE = YES;
				IPHONEOS_DEPLOYMENT_TARGET = 11.0;
				MTL_ENABLE_DEBUG_INFO = NO;
				SDKROOT = iphoneos;
				SWIFT_OPTIMIZATION_LEVEL = "-Owholemodule";
				VALIDATE_PRODUCT = YES;
			};
			name = Release;
		};
		5E6FC1F31FA445B4004B15FE /* Debug */ = {
			isa = XCBuildConfiguration;
			buildSettings = {
				ASSETCATALOG_COMPILER_APPICON_NAME = AppIcon;
				CODE_SIGN_STYLE = Automatic;
				DEVELOPMENT_TEAM = Y4DYDEDFTT;
				INFOPLIST_FILE = pro2_ble_audio_effects/Info.plist;
				LD_RUNPATH_SEARCH_PATHS = "$(inherited) @executable_path/Frameworks";
				PRODUCT_BUNDLE_IDENTIFIER = "fuji.pro2-ble-audio-effects";
				PRODUCT_NAME = "$(TARGET_NAME)";
				SWIFT_VERSION = 4.0;
				TARGETED_DEVICE_FAMILY = "1,2";
			};
			name = Debug;
		};
		5E6FC1F41FA445B4004B15FE /* Release */ = {
			isa = XCBuildConfiguration;
			buildSettings = {
				ASSETCATALOG_COMPILER_APPICON_NAME = AppIcon;
				CODE_SIGN_STYLE = Automatic;
				DEVELOPMENT_TEAM = Y4DYDEDFTT;
				INFOPLIST_FILE = pro2_ble_audio_effects/Info.plist;
				LD_RUNPATH_SEARCH_PATHS = "$(inherited) @executable_path/Frameworks";
				PRODUCT_BUNDLE_IDENTIFIER = "fuji.pro2-ble-audio-effects";
				PRODUCT_NAME = "$(TARGET_NAME)";
				SWIFT_VERSION = 4.0;
				TARGETED_DEVICE_FAMILY = "1,2";
			};
			name = Release;
		};
		5E6FC1F61FA445B4004B15FE /* Debug */ = {
			isa = XCBuildConfiguration;
			buildSettings = {
				ALWAYS_EMBED_SWIFT_STANDARD_LIBRARIES = YES;
				BUNDLE_LOADER = "$(TEST_HOST)";
				CODE_SIGN_STYLE = Automatic;
				DEVELOPMENT_TEAM = Y4DYDEDFTT;
				INFOPLIST_FILE = pro2_ble_audio_effectsTests/Info.plist;
				LD_RUNPATH_SEARCH_PATHS = "$(inherited) @executable_path/Frameworks @loader_path/Frameworks";
				PRODUCT_BUNDLE_IDENTIFIER = "fuji.pro2-ble-audio-effectsTests";
				PRODUCT_NAME = "$(TARGET_NAME)";
				SWIFT_VERSION = 4.0;
				TARGETED_DEVICE_FAMILY = "1,2";
				TEST_HOST = "$(BUILT_PRODUCTS_DIR)/pro2_ble_audio_effects.app/pro2_ble_audio_effects";
			};
			name = Debug;
		};
		5E6FC1F71FA445B4004B15FE /* Release */ = {
			isa = XCBuildConfiguration;
			buildSettings = {
				ALWAYS_EMBED_SWIFT_STANDARD_LIBRARIES = YES;
				BUNDLE_LOADER = "$(TEST_HOST)";
				CODE_SIGN_STYLE = Automatic;
				DEVELOPMENT_TEAM = Y4DYDEDFTT;
				INFOPLIST_FILE = pro2_ble_audio_effectsTests/Info.plist;
				LD_RUNPATH_SEARCH_PATHS = "$(inherited) @executable_path/Frameworks @loader_path/Frameworks";
				PRODUCT_BUNDLE_IDENTIFIER = "fuji.pro2-ble-audio-effectsTests";
				PRODUCT_NAME = "$(TARGET_NAME)";
				SWIFT_VERSION = 4.0;
				TARGETED_DEVICE_FAMILY = "1,2";
				TEST_HOST = "$(BUILT_PRODUCTS_DIR)/pro2_ble_audio_effects.app/pro2_ble_audio_effects";
			};
			name = Release;
		};
		5E6FC1F91FA445B4004B15FE /* Debug */ = {
			isa = XCBuildConfiguration;
			buildSettings = {
				ALWAYS_EMBED_SWIFT_STANDARD_LIBRARIES = YES;
				CODE_SIGN_STYLE = Automatic;
				DEVELOPMENT_TEAM = Y4DYDEDFTT;
				INFOPLIST_FILE = pro2_ble_audio_effectsUITests/Info.plist;
				LD_RUNPATH_SEARCH_PATHS = "$(inherited) @executable_path/Frameworks @loader_path/Frameworks";
				PRODUCT_BUNDLE_IDENTIFIER = "fuji.pro2-ble-audio-effectsUITests";
				PRODUCT_NAME = "$(TARGET_NAME)";
				SWIFT_VERSION = 4.0;
				TARGETED_DEVICE_FAMILY = "1,2";
				TEST_TARGET_NAME = pro2_ble_audio_effects;
			};
			name = Debug;
		};
		5E6FC1FA1FA445B4004B15FE /* Release */ = {
			isa = XCBuildConfiguration;
			buildSettings = {
				ALWAYS_EMBED_SWIFT_STANDARD_LIBRARIES = YES;
				CODE_SIGN_STYLE = Automatic;
				DEVELOPMENT_TEAM = Y4DYDEDFTT;
				INFOPLIST_FILE = pro2_ble_audio_effectsUITests/Info.plist;
				LD_RUNPATH_SEARCH_PATHS = "$(inherited) @executable_path/Frameworks @loader_path/Frameworks";
				PRODUCT_BUNDLE_IDENTIFIER = "fuji.pro2-ble-audio-effectsUITests";
				PRODUCT_NAME = "$(TARGET_NAME)";
				SWIFT_VERSION = 4.0;
				TARGETED_DEVICE_FAMILY = "1,2";
				TEST_TARGET_NAME = pro2_ble_audio_effects;
			};
			name = Release;
		};
/* End XCBuildConfiguration section */

/* Begin XCConfigurationList section */
		5E6FC1C21FA445B3004B15FE /* Build configuration list for PBXProject "pro2_ble_audio_effects" */ = {
			isa = XCConfigurationList;
			buildConfigurations = (
				5E6FC1F01FA445B4004B15FE /* Debug */,
				5E6FC1F11FA445B4004B15FE /* Release */,
			);
			defaultConfigurationIsVisible = 0;
			defaultConfigurationName = Release;
		};
		5E6FC1F21FA445B4004B15FE /* Build configuration list for PBXNativeTarget "pro2_ble_audio_effects" */ = {
			isa = XCConfigurationList;
			buildConfigurations = (
				5E6FC1F31FA445B4004B15FE /* Debug */,
				5E6FC1F41FA445B4004B15FE /* Release */,
			);
			defaultConfigurationIsVisible = 0;
			defaultConfigurationName = Release;
		};
		5E6FC1F51FA445B4004B15FE /* Build configuration list for PBXNativeTarget "pro2_ble_audio_effectsTests" */ = {
			isa = XCConfigurationList;
			buildConfigurations = (
				5E6FC1F61FA445B4004B15FE /* Debug */,
				5E6FC1F71FA445B4004B15FE /* Release */,
			);
			defaultConfigurationIsVisible = 0;
			defaultConfigurationName = Release;
		};
		5E6FC1F81FA445B4004B15FE /* Build configuration list for PBXNativeTarget "pro2_ble_audio_effectsUITests" */ = {
			isa = XCConfigurationList;
			buildConfigurations = (
				5E6FC1F91FA445B4004B15FE /* Debug */,
				5E6FC1FA1FA445B4004B15FE /* Release */,
			);
			defaultConfigurationIsVisible = 0;
			defaultConfigurationName = Release;
		};
/* End XCConfigurationList section */

/* Begin XCVersionGroup section */
		5E6FC1D11FA445B3004B15FE /* pro2_ble_audio_effects.xcdatamodeld */ = {
			isa = XCVersionGroup;
			children = (
				5E6FC1D21FA445B3004B15FE /* pro2_ble_audio_effects.xcdatamodel */,
			);
			currentVersion = 5E6FC1D21FA445B3004B15FE /* pro2_ble_audio_effects.xcdatamodel */;
			path = pro2_ble_audio_effects.xcdatamodeld;
			sourceTree = "<group>";
			versionGroupType = wrapper.xcdatamodel;
		};
/* End XCVersionGroup section */
	};
	rootObject = 5E6FC1BF1FA445B3004B15FE /* Project object */;
}
